
Microsoft Visual Studio Solution File, Format Version 12.00
# Visual Studio Version 17
VisualStudioVersion = 17.9.34622.214
MinimumVisualStudioVersion = 10.0.40219.1
Project("{FAE04EC0-301F-11D3-BF4B-00C04F79EFBC}") = "NevronInterviewTask", "NevronInterviewTask\NevronInterviewTask.csproj", "{34C0574E-9D9F-41BA-8290-68F7AB19A6CF}"
EndProject
Global
	GlobalSection(SolutionConfigurationPlatforms) = preSolution
		Debug|Any CPU = Debug|Any CPU
		Release|Any CPU = Release|Any CPU
	EndGlobalSection
	GlobalSection(ProjectConfigurationPlatforms) = postSolution
		{34C0574E-9D9F-41BA-8290-68F7AB19A6CF}.Debug|Any CPU.ActiveCfg = Debug|Any CPU
		{34C0574E-9D9F-41BA-8290-68F7AB19A6CF}.Debug|Any CPU.Build.0 = Debug|Any CPU
		{34C0574E-9D9F-41BA-8290-68F7AB19A6CF}.Release|Any CPU.ActiveCfg = Release|Any CPU
		{34C0574E-9D9F-41BA-8290-68F7AB19A6CF}.Release|Any CPU.Build.0 = Release|Any CPU
	EndGlobalSection
	GlobalSection(SolutionProperties) = preSolution
		HideSolutionNode = FALSE
	EndGlobalSection
	GlobalSection(ExtensibilityGlobals) = postSolution
		SolutionGuid = {4BF46410-224C-44F3-880C-CE34992E1609}
	EndGlobalSection
EndGlobal
